// !$*UTF8*$!
{
	archiveVersion = 1;
	classes = {
	};
	objectVersion = 56;
	objects = {

/* Begin PBXBuildFile section */
		14DA01AB2B80015B00CEC76C /* AppDelegate.swift in Sources */ = {isa = PBXBuildFile; fileRef = 14DA01AA2B80015B00CEC76C /* AppDelegate.swift */; };
		14DA01AD2B80015B00CEC76C /* SceneDelegate.swift in Sources */ = {isa = PBXBuildFile; fileRef = 14DA01AC2B80015B00CEC76C /* SceneDelegate.swift */; };
		14DA01AF2B80015B00CEC76C /* CalcController.swift in Sources */ = {isa = PBXBuildFile; fileRef = 14DA01AE2B80015B00CEC76C /* CalcController.swift */; };
		14DA01B42B80015C00CEC76C /* Assets.xcassets in Resources */ = {isa = PBXBuildFile; fileRef = 14DA01B32B80015C00CEC76C /* Assets.xcassets */; };
		14DA01B72B80015C00CEC76C /* LaunchScreen.storyboard in Resources */ = {isa = PBXBuildFile; fileRef = 14DA01B52B80015C00CEC76C /* LaunchScreen.storyboard */; };
		14DA01C22B80D35300CEC76C /* CalcControllerViewModel.swift in Sources */ = {isa = PBXBuildFile; fileRef = 14DA01C12B80D35300CEC76C /* CalcControllerViewModel.swift */; };
		14DA01C42B80D3C400CEC76C /* ButtonCell.swift in Sources */ = {isa = PBXBuildFile; fileRef = 14DA01C32B80D3C400CEC76C /* ButtonCell.swift */; };
		14DA01C62B80D45900CEC76C /* CalcHeaderCell.swift in Sources */ = {isa = PBXBuildFile; fileRef = 14DA01C52B80D45900CEC76C /* CalcHeaderCell.swift */; };
		14DA01C82B80D4B900CEC76C /* CalculatorButton.swift in Sources */ = {isa = PBXBuildFile; fileRef = 14DA01C72B80D4B900CEC76C /* CalculatorButton.swift */; };
		14DA01CA2B82262500CEC76C /* CalculatorOperation.swift in Sources */ = {isa = PBXBuildFile; fileRef = 14DA01C92B82262500CEC76C /* CalculatorOperation.swift */; };
		14DA01CC2B82273300CEC76C /* Extensions.swift in Sources */ = {isa = PBXBuildFile; fileRef = 14DA01CB2B82273300CEC76C /* Extensions.swift */; };
/* End PBXBuildFile section */

/* Begin PBXFileReference section */
		14DA01A72B80015B00CEC76C /* IOS Calculator App.app */ = {isa = PBXFileReference; explicitFileType = wrapper.application; includeInIndex = 0; path = "IOS Calculator App.app"; sourceTree = BUILT_PRODUCTS_DIR; };
		14DA01AA2B80015B00CEC76C /* AppDelegate.swift */ = {isa = PBXFileReference; lastKnownFileType = sourcecode.swift; path = AppDelegate.swift; sourceTree = "<group>"; };
		14DA01AC2B80015B00CEC76C /* SceneDelegate.swift */ = {isa = PBXFileReference; lastKnownFileType = sourcecode.swift; path = SceneDelegate.swift; sourceTree = "<group>"; };
		14DA01AE2B80015B00CEC76C /* CalcController.swift */ = {isa = PBXFileReference; lastKnownFileType = sourcecode.swift; path = CalcController.swift; sourceTree = "<group>"; };
		14DA01B32B80015C00CEC76C /* Assets.xcassets */ = {isa = PBXFileReference; lastKnownFileType = folder.assetcatalog; path = Assets.xcassets; sourceTree = "<group>"; };
		14DA01B62B80015C00CEC76C /* Base */ = {isa = PBXFileReference; lastKnownFileType = file.storyboard; name = Base; path = Base.lproj/LaunchScreen.storyboard; sourceTree = "<group>"; };
		14DA01B82B80015C00CEC76C /* Info.plist */ = {isa = PBXFileReference; lastKnownFileType = text.plist.xml; path = Info.plist; sourceTree = "<group>"; };
		14DA01C12B80D35300CEC76C /* CalcControllerViewModel.swift */ = {isa = PBXFileReference; lastKnownFileType = sourcecode.swift; path = CalcControllerViewModel.swift; sourceTree = "<group>"; };
		14DA01C32B80D3C400CEC76C /* ButtonCell.swift */ = {isa = PBXFileReference; lastKnownFileType = sourcecode.swift; path = ButtonCell.swift; sourceTree = "<group>"; };
		14DA01C52B80D45900CEC76C /* CalcHeaderCell.swift */ = {isa = PBXFileReference; lastKnownFileType = sourcecode.swift; path = CalcHeaderCell.swift; sourceTree = "<group>"; };
		14DA01C72B80D4B900CEC76C /* CalculatorButton.swift */ = {isa = PBXFileReference; lastKnownFileType = sourcecode.swift; path = CalculatorButton.swift; sourceTree = "<group>"; };
		14DA01C92B82262500CEC76C /* CalculatorOperation.swift */ = {isa = PBXFileReference; lastKnownFileType = sourcecode.swift; path = CalculatorOperation.swift; sourceTree = "<group>"; };
		14DA01CB2B82273300CEC76C /* Extensions.swift */ = {isa = PBXFileReference; lastKnownFileType = sourcecode.swift; path = Extensions.swift; sourceTree = "<group>"; };
/* End PBXFileReference section */

/* Begin PBXFrameworksBuildPhase section */
		14DA01A42B80015B00CEC76C /* Frameworks */ = {
			isa = PBXFrameworksBuildPhase;
			buildActionMask = 2147483647;
			files = (
			);
			runOnlyForDeploymentPostprocessing = 0;
		};
/* End PBXFrameworksBuildPhase section */

/* Begin PBXGroup section */
		14DA019E2B80015B00CEC76C = {
			isa = PBXGroup;
			children = (
				14DA01A92B80015B00CEC76C /* IOS Calculator App */,
				14DA01A82B80015B00CEC76C /* Products */,
			);
			sourceTree = "<group>";
		};
		14DA01A82B80015B00CEC76C /* Products */ = {
			isa = PBXGroup;
			children = (
				14DA01A72B80015B00CEC76C /* IOS Calculator App.app */,
			);
			name = Products;
			sourceTree = "<group>";
		};
		14DA01A92B80015B00CEC76C /* IOS Calculator App */ = {
			isa = PBXGroup;
			children = (
				14DA01AE2B80015B00CEC76C /* CalcController.swift */,
				14DA01C12B80D35300CEC76C /* CalcControllerViewModel.swift */,
				14DA01BF2B80D2B900CEC76C /* Views */,
				14DA01C02B80D2C400CEC76C /* Models */,
				14DA01BE2B80D29600CEC76C /* Application */,
				14DA01B82B80015C00CEC76C /* Info.plist */,
			);
			path = "IOS Calculator App";
			sourceTree = "<group>";
		};
		14DA01BE2B80D29600CEC76C /* Application */ = {
			isa = PBXGroup;
			children = (
				14DA01AA2B80015B00CEC76C /* AppDelegate.swift */,
				14DA01AC2B80015B00CEC76C /* SceneDelegate.swift */,
				14DA01B32B80015C00CEC76C /* Assets.xcassets */,
				14DA01B52B80015C00CEC76C /* LaunchScreen.storyboard */,
				14DA01CB2B82273300CEC76C /* Extensions.swift */,
			);
			path = Application;
			sourceTree = "<group>";
		};
		14DA01BF2B80D2B900CEC76C /* Views */ = {
			isa = PBXGroup;
			children = (
				14DA01C32B80D3C400CEC76C /* ButtonCell.swift */,
				14DA01C52B80D45900CEC76C /* CalcHeaderCell.swift */,
			);
			path = Views;
			sourceTree = "<group>";
		};
		14DA01C02B80D2C400CEC76C /* Models */ = {
			isa = PBXGroup;
			children = (
				14DA01C72B80D4B900CEC76C /* CalculatorButton.swift */,
				14DA01C92B82262500CEC76C /* CalculatorOperation.swift */,
			);
			path = Models;
			sourceTree = "<group>";
		};
/* End PBXGroup section */

/* Begin PBXNativeTarget section */
		14DA01A62B80015B00CEC76C /* IOS Calculator App */ = {
			isa = PBXNativeTarget;
			buildConfigurationList = 14DA01BB2B80015C00CEC76C /* Build configuration list for PBXNativeTarget "IOS Calculator App" */;
			buildPhases = (
				14DA01A32B80015B00CEC76C /* Sources */,
				14DA01A42B80015B00CEC76C /* Frameworks */,
				14DA01A52B80015B00CEC76C /* Resources */,
			);
			buildRules = (
			);
			dependencies = (
			);
			name = "IOS Calculator App";
			productName = "IOS Calculator App";
			productReference = 14DA01A72B80015B00CEC76C /* IOS Calculator App.app */;
			productType = "com.apple.product-type.application";
		};
/* End PBXNativeTarget section */

/* Begin PBXProject section */
		14DA019F2B80015B00CEC76C /* Project object */ = {
			isa = PBXProject;
			attributes = {
				BuildIndependentTargetsInParallel = 1;
				LastSwiftUpdateCheck = 1520;
				LastUpgradeCheck = 1520;
				TargetAttributes = {
					14DA01A62B80015B00CEC76C = {
						CreatedOnToolsVersion = 15.2;
					};
				};
			};
			buildConfigurationList = 14DA01A22B80015B00CEC76C /* Build configuration list for PBXProject "IOS Calculator App" */;
			compatibilityVersion = "Xcode 14.0";
			developmentRegion = en;
			hasScannedForEncodings = 0;
			knownRegions = (
				en,
				Base,
			);
			mainGroup = 14DA019E2B80015B00CEC76C;
			productRefGroup = 14DA01A82B80015B00CEC76C /* Products */;
			projectDirPath = "";
			projectRoot = "";
			targets = (
				14DA01A62B80015B00CEC76C /* IOS Calculator App */,
			);
		};
/* End PBXProject section */

/* Begin PBXResourcesBuildPhase section */
		14DA01A52B80015B00CEC76C /* Resources */ = {
			isa = PBXResourcesBuildPhase;
			buildActionMask = 2147483647;
			files = (
				14DA01B72B80015C00CEC76C /* LaunchScreen.storyboard in Resources */,
				14DA01B42B80015C00CEC76C /* Assets.xcassets in Resources */,
			);
			runOnlyForDeploymentPostprocessing = 0;
		};
/* End PBXResourcesBuildPhase section */

/* Begin PBXSourcesBuildPhase section */
		14DA01A32B80015B00CEC76C /* Sources */ = {
			isa = PBXSourcesBuildPhase;
			buildActionMask = 2147483647;
			files = (
				14DA01AF2B80015B00CEC76C /* CalcController.swift in Sources */,
				14DA01CC2B82273300CEC76C /* Extensions.swift in Sources */,
				14DA01C82B80D4B900CEC76C /* CalculatorButton.swift in Sources */,
				14DA01AB2B80015B00CEC76C /* AppDelegate.swift in Sources */,
				14DA01AD2B80015B00CEC76C /* SceneDelegate.swift in Sources */,
				14DA01C62B80D45900CEC76C /* CalcHeaderCell.swift in Sources */,
				14DA01C42B80D3C400CEC76C /* ButtonCell.swift in Sources */,
				14DA01C22B80D35300CEC76C /* CalcControllerViewModel.swift in Sources */,
				14DA01CA2B82262500CEC76C /* CalculatorOperation.swift in Sources */,
			);
			runOnlyForDeploymentPostprocessing = 0;
		};
/* End PBXSourcesBuildPhase section */

/* Begin PBXVariantGroup section */
		14DA01B52B80015C00CEC76C /* LaunchScreen.storyboard */ = {
			isa = PBXVariantGroup;
			children = (
				14DA01B62B80015C00CEC76C /* Base */,
			);
			name = LaunchScreen.storyboard;
			sourceTree = "<group>";
		};
/* End PBXVariantGroup section */

/* Begin XCBuildConfiguration section */
		14DA01B92B80015C00CEC76C /* Debug */ = {
			isa = XCBuildConfiguration;
			buildSettings = {
				ALWAYS_SEARCH_USER_PATHS = NO;
				ASSETCATALOG_COMPILER_GENERATE_SWIFT_ASSET_SYMBOL_EXTENSIONS = YES;
				CLANG_ANALYZER_NONNULL = YES;
				CLANG_ANALYZER_NUMBER_OBJECT_CONVERSION = YES_AGGRESSIVE;
				CLANG_CXX_LANGUAGE_STANDARD = "gnu++20";
				CLANG_ENABLE_MODULES = YES;
				CLANG_ENABLE_OBJC_ARC = YES;
				CLANG_ENABLE_OBJC_WEAK = YES;
				CLANG_WARN_BLOCK_CAPTURE_AUTORELEASING = YES;
				CLANG_WARN_BOOL_CONVERSION = YES;
				CLANG_WARN_COMMA = YES;
				CLANG_WARN_CONSTANT_CONVERSION = YES;
				CLANG_WARN_DEPRECATED_OBJC_IMPLEMENTATIONS = YES;
				CLANG_WARN_DIRECT_OBJC_ISA_USAGE = YES_ERROR;
				CLANG_WARN_DOCUMENTATION_COMMENTS = YES;
				CLANG_WARN_EMPTY_BODY = YES;
				CLANG_WARN_ENUM_CONVERSION = YES;
				CLANG_WARN_INFINITE_RECURSION = YES;
				CLANG_WARN_INT_CONVERSION = YES;
				CLANG_WARN_NON_LITERAL_NULL_CONVERSION = YES;
				CLANG_WARN_OBJC_IMPLICIT_RETAIN_SELF = YES;
				CLANG_WARN_OBJC_LITERAL_CONVERSION = YES;
				CLANG_WARN_OBJC_ROOT_CLASS = YES_ERROR;
				CLANG_WARN_QUOTED_INCLUDE_IN_FRAMEWORK_HEADER = YES;
				CLANG_WARN_RANGE_LOOP_ANALYSIS = YES;
				CLANG_WARN_STRICT_PROTOTYPES = YES;
				CLANG_WARN_SUSPICIOUS_MOVE = YES;
				CLANG_WARN_UNGUARDED_AVAILABILITY = YES_AGGRESSIVE;
				CLANG_WARN_UNREACHABLE_CODE = YES;
				CLANG_WARN__DUPLICATE_METHOD_MATCH = YES;
				COPY_PHASE_STRIP = NO;
				DEBUG_INFORMATION_FORMAT = dwarf;
				ENABLE_STRICT_OBJC_MSGSEND = YES;
				ENABLE_TESTABILITY = YES;
				ENABLE_USER_SCRIPT_SANDBOXING = YES;
				GCC_C_LANGUAGE_STANDARD = gnu17;
				GCC_DYNAMIC_NO_PIC = NO;
				GCC_NO_COMMON_BLOCKS = YES;
				GCC_OPTIMIZATION_LEVEL = 0;
				GCC_PREPROCESSOR_DEFINITIONS = (
					"DEBUG=1",
					"$(inherited)",
				);
				GCC_WARN_64_TO_32_BIT_CONVERSION = YES;
				GCC_WARN_ABOUT_RETURN_TYPE = YES_ERROR;
				GCC_WARN_UNDECLARED_SELECTOR = YES;
				GCC_WARN_UNINITIALIZED_AUTOS = YES_AGGRESSIVE;
				GCC_WARN_UNUSED_FUNCTION = YES;
				GCC_WARN_UNUSED_VARIABLE = YES;
				IPHONEOS_DEPLOYMENT_TARGET = 17.2;
				LOCALIZATION_PREFERS_STRING_CATALOGS = YES;
				MTL_ENABLE_DEBUG_INFO = INCLUDE_SOURCE;
				MTL_FAST_MATH = YES;
				ONLY_ACTIVE_ARCH = YES;
				SDKROOT = iphoneos;
				SWIFT_ACTIVE_COMPILATION_CONDITIONS = "DEBUG $(inherited)";
				SWIFT_OPTIMIZATION_LEVEL = "-Onone";
			};
			name = Debug;
		};
		14DA01BA2B80015C00CEC76C /* Release */ = {
			isa = XCBuildConfiguration;
			buildSettings = {
				ALWAYS_SEARCH_USER_PATHS = NO;
				ASSETCATALOG_COMPILER_GENERATE_SWIFT_ASSET_SYMBOL_EXTENSIONS = YES;
				CLANG_ANALYZER_NONNULL = YES;
				CLANG_ANALYZER_NUMBER_OBJECT_CONVERSION = YES_AGGRESSIVE;
				CLANG_CXX_LANGUAGE_STANDARD = "gnu++20";
				CLANG_ENABLE_MODULES = YES;
				CLANG_ENABLE_OBJC_ARC = YES;
				CLANG_ENABLE_OBJC_WEAK = YES;
				CLANG_WARN_BLOCK_CAPTURE_AUTORELEASING = YES;
				CLANG_WARN_BOOL_CONVERSION = YES;
				CLANG_WARN_COMMA = YES;
				CLANG_WARN_CONSTANT_CONVERSION = YES;
				CLANG_WARN_DEPRECATED_OBJC_IMPLEMENTATIONS = YES;
				CLANG_WARN_DIRECT_OBJC_ISA_USAGE = YES_ERROR;
				CLANG_WARN_DOCUMENTATION_COMMENTS = YES;
				CLANG_WARN_EMPTY_BODY = YES;
				CLANG_WARN_ENUM_CONVERSION = YES;
				CLANG_WARN_INFINITE_RECURSION = YES;
				CLANG_WARN_INT_CONVERSION = YES;
				CLANG_WARN_NON_LITERAL_NULL_CONVERSION = YES;
				CLANG_WARN_OBJC_IMPLICIT_RETAIN_SELF = YES;
				CLANG_WARN_OBJC_LITERAL_CONVERSION = YES;
				CLANG_WARN_OBJC_ROOT_CLASS = YES_ERROR;
				CLANG_WARN_QUOTED_INCLUDE_IN_FRAMEWORK_HEADER = YES;
				CLANG_WARN_RANGE_LOOP_ANALYSIS = YES;
				CLANG_WARN_STRICT_PROTOTYPES = YES;
				CLANG_WARN_SUSPICIOUS_MOVE = YES;
				CLANG_WARN_UNGUARDED_AVAILABILITY = YES_AGGRESSIVE;
				CLANG_WARN_UNREACHABLE_CODE = YES;
				CLANG_WARN__DUPLICATE_METHOD_MATCH = YES;
				COPY_PHASE_STRIP = NO;
				DEBUG_INFORMATION_FORMAT = "dwarf-with-dsym";
				ENABLE_NS_ASSERTIONS = NO;
				ENABLE_STRICT_OBJC_MSGSEND = YES;
				ENABLE_USER_SCRIPT_SANDBOXING = YES;
				GCC_C_LANGUAGE_STANDARD = gnu17;
				GCC_NO_COMMON_BLOCKS = YES;
				GCC_WARN_64_TO_32_BIT_CONVERSION = YES;
				GCC_WARN_ABOUT_RETURN_TYPE = YES_ERROR;
				GCC_WARN_UNDECLARED_SELECTOR = YES;
				GCC_WARN_UNINITIALIZED_AUTOS = YES_AGGRESSIVE;
				GCC_WARN_UNUSED_FUNCTION = YES;
				GCC_WARN_UNUSED_VARIABLE = YES;
				IPHONEOS_DEPLOYMENT_TARGET = 17.2;
				LOCALIZATION_PREFERS_STRING_CATALOGS = YES;
				MTL_ENABLE_DEBUG_INFO = NO;
				MTL_FAST_MATH = YES;
				SDKROOT = iphoneos;
				SWIFT_COMPILATION_MODE = wholemodule;
				VALIDATE_PRODUCT = YES;
			};
			name = Release;
		};
		14DA01BC2B80015C00CEC76C /* Debug */ = {
			isa = XCBuildConfiguration;
			buildSettings = {
				ASSETCATALOG_COMPILER_APPICON_NAME = AppIcon;
				ASSETCATALOG_COMPILER_GLOBAL_ACCENT_COLOR_NAME = AccentColor;
				CODE_SIGN_STYLE = Automatic;
				CURRENT_PROJECT_VERSION = 1;
				GENERATE_INFOPLIST_FILE = YES;
				INFOPLIST_FILE = "IOS Calculator App/Info.plist";
				INFOPLIST_KEY_UIApplicationSupportsIndirectInputEvents = YES;
				INFOPLIST_KEY_UILaunchStoryboardName = LaunchScreen;
				INFOPLIST_KEY_UISupportedInterfaceOrientations_iPad = "UIInterfaceOrientationPortrait UIInterfaceOrientationPortraitUpsideDown UIInterfaceOrientationLandscapeLeft UIInterfaceOrientationLandscapeRight";
				INFOPLIST_KEY_UISupportedInterfaceOrientations_iPhone = "UIInterfaceOrientationPortrait UIInterfaceOrientationLandscapeLeft UIInterfaceOrientationLandscapeRight";
				LD_RUNPATH_SEARCH_PATHS = (
					"$(inherited)",
					"@executable_path/Frameworks",
				);
				MARKETING_VERSION = 1.0;
				PRODUCT_BUNDLE_IDENTIFIER = "ip.IOS-Calculator-App";
				PRODUCT_NAME = "$(TARGET_NAME)";
				SWIFT_EMIT_LOC_STRINGS = YES;
				SWIFT_VERSION = 5.0;
				TARGETED_DEVICE_FAMILY = "1,2";
			};
			name = Debug;
		};
		14DA01BD2B80015C00CEC76C /* Release */ = {
			isa = XCBuildConfiguration;
			buildSettings = {
				ASSETCATALOG_COMPILER_APPICON_NAME = AppIcon;
				ASSETCATALOG_COMPILER_GLOBAL_ACCENT_COLOR_NAME = AccentColor;
				CODE_SIGN_STYLE = Automatic;
				CURRENT_PROJECT_VERSION = 1;
				GENERATE_INFOPLIST_FILE = YES;
				INFOPLIST_FILE = "IOS Calculator App/Info.plist";
				INFOPLIST_KEY_UIApplicationSupportsIndirectInputEvents = YES;
				INFOPLIST_KEY_UILaunchStoryboardName = LaunchScreen;
				INFOPLIST_KEY_UISupportedInterfaceOrientations_iPad = "UIInterfaceOrientationPortrait UIInterfaceOrientationPortraitUpsideDown UIInterfaceOrientationLandscapeLeft UIInterfaceOrientationLandscapeRight";
				INFOPLIST_KEY_UISupportedInterfaceOrientations_iPhone = "UIInterfaceOrientationPortrait UIInterfaceOrientationLandscapeLeft UIInterfaceOrientationLandscapeRight";
				LD_RUNPATH_SEARCH_PATHS = (
					"$(inherited)",
					"@executable_path/Frameworks",
				);
				MARKETING_VERSION = 1.0;
				PRODUCT_BUNDLE_IDENTIFIER = "ip.IOS-Calculator-App";
				PRODUCT_NAME = "$(TARGET_NAME)";
				SWIFT_EMIT_LOC_STRINGS = YES;
				SWIFT_VERSION = 5.0;
				TARGETED_DEVICE_FAMILY = "1,2";
			};
			name = Release;
		};
/* End XCBuildConfiguration section */

/* Begin XCConfigurationList section */
		14DA01A22B80015B00CEC76C /* Build configuration list for PBXProject "IOS Calculator App" */ = {
			isa = XCConfigurationList;
			buildConfigurations = (
				14DA01B92B80015C00CEC76C /* Debug */,
				14DA01BA2B80015C00CEC76C /* Release */,
			);
			defaultConfigurationIsVisible = 0;
			defaultConfigurationName = Release;
		};
		14DA01BB2B80015C00CEC76C /* Build configuration list for PBXNativeTarget "IOS Calculator App" */ = {
			isa = XCConfigurationList;
			buildConfigurations = (
				14DA01BC2B80015C00CEC76C /* Debug */,
				14DA01BD2B80015C00CEC76C /* Release */,
			);
			defaultConfigurationIsVisible = 0;
			defaultConfigurationName = Release;
		};
/* End XCConfigurationList section */
	};
	rootObject = 14DA019F2B80015B00CEC76C /* Project object */;
}
